
Microsoft Visual Studio Solution File, Format Version 12.00
# Visual Studio Version 16
VisualStudioVersion = 16.0.31313.79
MinimumVisualStudioVersion = 10.0.40219.1
Project("{9A19103F-16F7-4668-BE54-9A1E7A4F7556}") = "esp32.WebApi", "src\esp32.WebApi\esp32.WebApi.csproj", "{7F0DF029-EB55-499B-9422-423F7CDAB509}"
EndProject
Project("{2150E333-8FDC-42A3-9474-1A3956D46DE8}") = "src", "src", "{0F6F08C0-C7F1-45FF-8891-9B9C4BF7DAF8}"
EndProject
Project("{2150E333-8FDC-42A3-9474-1A3956D46DE8}") = "01 - Business", "01 - Business", "{3BDAEF8F-E808-4753-89BD-07632FC0851C}"
EndProject
Project("{2150E333-8FDC-42A3-9474-1A3956D46DE8}") = "02 - DA", "02 - DA", "{01BE7685-D19E-4F01-A086-2549CFCF59D2}"
EndProject
Project("{2150E333-8FDC-42A3-9474-1A3956D46DE8}") = "03 - Mapper", "03 - Mapper", "{96F7E055-470A-40F0-940D-35BF89442B65}"
EndProject
Project("{2150E333-8FDC-42A3-9474-1A3956D46DE8}") = "04 - Validations", "04 - Validations", "{F84A1863-AEB2-4C6E-866B-139E4DBB9BD7}"
EndProject
Project("{2150E333-8FDC-42A3-9474-1A3956D46DE8}") = "05 - Api", "05 - Api", "{531BC190-D527-48D2-888A-5B8A8D386E0F}"
EndProject
Project("{9A19103F-16F7-4668-BE54-9A1E7A4F7556}") = "esp32.Business", "src\esp32.Business\esp32.Business.csproj", "{4FD1C022-6319-4B29-9502-7DA637078026}"
EndProject
Project("{9A19103F-16F7-4668-BE54-9A1E7A4F7556}") = "esp32.Business.Abstraction", "src\esp32.Business.Abstraction\esp32.Business.Abstraction.csproj", "{A1933464-D317-4AE2-B204-42FDC9D615C9}"
EndProject
Project("{9A19103F-16F7-4668-BE54-9A1E7A4F7556}") = "esp32.DA", "src\esp32.DA\esp32.DA.csproj", "{D366ED24-EB95-48D0-BBC0-73FBB1627817}"
EndProject
Project("{9A19103F-16F7-4668-BE54-9A1E7A4F7556}") = "esp32.DA.Abstraction", "src\esp32.DA.Abstraction\esp32.DA.Abstraction.csproj", "{CDF13E4B-2B96-4573-BB61-A7DB8F6DE0D3}"
EndProject
Project("{9A19103F-16F7-4668-BE54-9A1E7A4F7556}") = "esp32.Mapper", "src\esp32.Mapper\esp32.Mapper.csproj", "{E14DA882-3DEE-4B55-BB6C-46852F49B876}"
EndProject
Project("{9A19103F-16F7-4668-BE54-9A1E7A4F7556}") = "esp32.Validations", "src\esp32.Validations\esp32.Validations.csproj", "{23762B34-EEB4-4307-BFA7-254CEFEBCD6F}"
EndProject
Project("{9A19103F-16F7-4668-BE54-9A1E7A4F7556}") = "esp32.WebApi.Abstraction", "src\esp32.WebApi.Abstraction\esp32.WebApi.Abstraction.csproj", "{B18351C8-1DC4-4DC7-ADE6-725978CF58B4}"
EndProject
Project("{FAE04EC0-301F-11D3-BF4B-00C04F79EFBC}") = "Scaffold", "src\Scaffold\Scaffold.csproj", "{218985E7-2FDD-4269-AAE9-99A4747AED8F}"
EndProject
Global
	GlobalSection(SolutionConfigurationPlatforms) = preSolution
		Debug|Any CPU = Debug|Any CPU
		Release|Any CPU = Release|Any CPU
	EndGlobalSection
	GlobalSection(ProjectConfigurationPlatforms) = postSolution
		{7F0DF029-EB55-499B-9422-423F7CDAB509}.Debug|Any CPU.ActiveCfg = Debug|Any CPU
		{7F0DF029-EB55-499B-9422-423F7CDAB509}.Debug|Any CPU.Build.0 = Debug|Any CPU
		{7F0DF029-EB55-499B-9422-423F7CDAB509}.Release|Any CPU.ActiveCfg = Release|Any CPU
		{7F0DF029-EB55-499B-9422-423F7CDAB509}.Release|Any CPU.Build.0 = Release|Any CPU
		{4FD1C022-6319-4B29-9502-7DA637078026}.Debug|Any CPU.ActiveCfg = Debug|Any CPU
		{4FD1C022-6319-4B29-9502-7DA637078026}.Debug|Any CPU.Build.0 = Debug|Any CPU
		{4FD1C022-6319-4B29-9502-7DA637078026}.Release|Any CPU.ActiveCfg = Release|Any CPU
		{4FD1C022-6319-4B29-9502-7DA637078026}.Release|Any CPU.Build.0 = Release|Any CPU
		{A1933464-D317-4AE2-B204-42FDC9D615C9}.Debug|Any CPU.ActiveCfg = Debug|Any CPU
		{A1933464-D317-4AE2-B204-42FDC9D615C9}.Debug|Any CPU.Build.0 = Debug|Any CPU
		{A1933464-D317-4AE2-B204-42FDC9D615C9}.Release|Any CPU.ActiveCfg = Release|Any CPU
		{A1933464-D317-4AE2-B204-42FDC9D615C9}.Release|Any CPU.Build.0 = Release|Any CPU
		{D366ED24-EB95-48D0-BBC0-73FBB1627817}.Debug|Any CPU.ActiveCfg = Debug|Any CPU
		{D366ED24-EB95-48D0-BBC0-73FBB1627817}.Debug|Any CPU.Build.0 = Debug|Any CPU
		{D366ED24-EB95-48D0-BBC0-73FBB1627817}.Release|Any CPU.ActiveCfg = Release|Any CPU
		{D366ED24-EB95-48D0-BBC0-73FBB1627817}.Release|Any CPU.Build.0 = Release|Any CPU
		{CDF13E4B-2B96-4573-BB61-A7DB8F6DE0D3}.Debug|Any CPU.ActiveCfg = Debug|Any CPU
		{CDF13E4B-2B96-4573-BB61-A7DB8F6DE0D3}.Debug|Any CPU.Build.0 = Debug|Any CPU
		{CDF13E4B-2B96-4573-BB61-A7DB8F6DE0D3}.Release|Any CPU.ActiveCfg = Release|Any CPU
		{CDF13E4B-2B96-4573-BB61-A7DB8F6DE0D3}.Release|Any CPU.Build.0 = Release|Any CPU
		{E14DA882-3DEE-4B55-BB6C-46852F49B876}.Debug|Any CPU.ActiveCfg = Debug|Any CPU
		{E14DA882-3DEE-4B55-BB6C-46852F49B876}.Debug|Any CPU.Build.0 = Debug|Any CPU
		{E14DA882-3DEE-4B55-BB6C-46852F49B876}.Release|Any CPU.ActiveCfg = Release|Any CPU
		{E14DA882-3DEE-4B55-BB6C-46852F49B876}.Release|Any CPU.Build.0 = Release|Any CPU
		{23762B34-EEB4-4307-BFA7-254CEFEBCD6F}.Debug|Any CPU.ActiveCfg = Debug|Any CPU
		{23762B34-EEB4-4307-BFA7-254CEFEBCD6F}.Debug|Any CPU.Build.0 = Debug|Any CPU
		{23762B34-EEB4-4307-BFA7-254CEFEBCD6F}.Release|Any CPU.ActiveCfg = Release|Any CPU
		{23762B34-EEB4-4307-BFA7-254CEFEBCD6F}.Release|Any CPU.Build.0 = Release|Any CPU
		{B18351C8-1DC4-4DC7-ADE6-725978CF58B4}.Debug|Any CPU.ActiveCfg = Debug|Any CPU
		{B18351C8-1DC4-4DC7-ADE6-725978CF58B4}.Debug|Any CPU.Build.0 = Debug|Any CPU
		{B18351C8-1DC4-4DC7-ADE6-725978CF58B4}.Release|Any CPU.ActiveCfg = Release|Any CPU
		{B18351C8-1DC4-4DC7-ADE6-725978CF58B4}.Release|Any CPU.Build.0 = Release|Any CPU
		{218985E7-2FDD-4269-AAE9-99A4747AED8F}.Debug|Any CPU.ActiveCfg = Debug|Any CPU
		{218985E7-2FDD-4269-AAE9-99A4747AED8F}.Debug|Any CPU.Build.0 = Debug|Any CPU
		{218985E7-2FDD-4269-AAE9-99A4747AED8F}.Release|Any CPU.ActiveCfg = Release|Any CPU
		{218985E7-2FDD-4269-AAE9-99A4747AED8F}.Release|Any CPU.Build.0 = Release|Any CPU
	EndGlobalSection
	GlobalSection(SolutionProperties) = preSolution
		HideSolutionNode = FALSE
	EndGlobalSection
	GlobalSection(NestedProjects) = preSolution
		{7F0DF029-EB55-499B-9422-423F7CDAB509} = {531BC190-D527-48D2-888A-5B8A8D386E0F}
		{3BDAEF8F-E808-4753-89BD-07632FC0851C} = {0F6F08C0-C7F1-45FF-8891-9B9C4BF7DAF8}
		{01BE7685-D19E-4F01-A086-2549CFCF59D2} = {0F6F08C0-C7F1-45FF-8891-9B9C4BF7DAF8}
		{96F7E055-470A-40F0-940D-35BF89442B65} = {0F6F08C0-C7F1-45FF-8891-9B9C4BF7DAF8}
		{F84A1863-AEB2-4C6E-866B-139E4DBB9BD7} = {0F6F08C0-C7F1-45FF-8891-9B9C4BF7DAF8}
		{531BC190-D527-48D2-888A-5B8A8D386E0F} = {0F6F08C0-C7F1-45FF-8891-9B9C4BF7DAF8}
		{4FD1C022-6319-4B29-9502-7DA637078026} = {3BDAEF8F-E808-4753-89BD-07632FC0851C}
		{A1933464-D317-4AE2-B204-42FDC9D615C9} = {3BDAEF8F-E808-4753-89BD-07632FC0851C}
		{D366ED24-EB95-48D0-BBC0-73FBB1627817} = {01BE7685-D19E-4F01-A086-2549CFCF59D2}
		{CDF13E4B-2B96-4573-BB61-A7DB8F6DE0D3} = {01BE7685-D19E-4F01-A086-2549CFCF59D2}
		{E14DA882-3DEE-4B55-BB6C-46852F49B876} = {96F7E055-470A-40F0-940D-35BF89442B65}
		{23762B34-EEB4-4307-BFA7-254CEFEBCD6F} = {F84A1863-AEB2-4C6E-866B-139E4DBB9BD7}
		{B18351C8-1DC4-4DC7-ADE6-725978CF58B4} = {531BC190-D527-48D2-888A-5B8A8D386E0F}
		{218985E7-2FDD-4269-AAE9-99A4747AED8F} = {01BE7685-D19E-4F01-A086-2549CFCF59D2}
	EndGlobalSection
	GlobalSection(ExtensibilityGlobals) = postSolution
		SolutionGuid = {CA2BDC47-18C8-4621-A4CD-B6640164D77E}
	EndGlobalSection
EndGlobal
